<Solution>
  <Folder Name="/Task0/">
    <Project Path="Tyuiu.GoreykoDV.Sprint0.Task0.V0/Tyuiu.GoreykoDV.Sprint0.Task0.V0.csproj" Id="f035c7c0-aa27-43ad-bd8b-6b8296a8edfc" />
  </Folder>
  <Folder Name="/Task1/">
    <Project Path="Tyuiu.GoreykoDV.Sprint0.Task1.V0/Tyuiu.GoreykoDV.Sprint0.Task1.V0.csproj" Id="01550e1b-9c81-4955-85e9-80430c5b5205" />
  </Folder>
</Solution>
